
Microsoft Visual Studio Solution File, Format Version 11.00
# Visual Studio 2010
Project("{FAE04EC0-301F-11D3-BF4B-00C04F79EFBC}") = "fps test", "Assembly-CSharp.csproj", "{1118BE3A-BE39-E294-5635-F4331F52BBAB}"
EndProject
Project("{FAE04EC0-301F-11D3-BF4B-00C04F79EFBC}") = "fps test", "Assembly-CSharp-firstpass.csproj", "{D3897EAC-7465-54CB-DF15-D34E4780AB08}"
EndProject
Project("{FAE04EC0-301F-11D3-BF4B-00C04F79EFBC}") = "fps test", "Assembly-CSharp-Editor-firstpass.csproj", "{38576AEA-67FD-67BC-2D09-DDB75B43342F}"
EndProject
Global
	GlobalSection(SolutionConfigurationPlatforms) = preSolution
		Debug|Any CPU = Debug|Any CPU
		Release|Any CPU = Release|Any CPU
	EndGlobalSection
	GlobalSection(ProjectConfigurationPlatforms) = postSolution
		{1118BE3A-BE39-E294-5635-F4331F52BBAB}.Debug|Any CPU.ActiveCfg = Debug|Any CPU
		{1118BE3A-BE39-E294-5635-F4331F52BBAB}.Debug|Any CPU.Build.0 = Debug|Any CPU
		{1118BE3A-BE39-E294-5635-F4331F52BBAB}.Release|Any CPU.ActiveCfg = Release|Any CPU
		{1118BE3A-BE39-E294-5635-F4331F52BBAB}.Release|Any CPU.Build.0 = Release|Any CPU
		{D3897EAC-7465-54CB-DF15-D34E4780AB08}.Debug|Any CPU.ActiveCfg = Debug|Any CPU
		{D3897EAC-7465-54CB-DF15-D34E4780AB08}.Debug|Any CPU.Build.0 = Debug|Any CPU
		{D3897EAC-7465-54CB-DF15-D34E4780AB08}.Release|Any CPU.ActiveCfg = Release|Any CPU
		{D3897EAC-7465-54CB-DF15-D34E4780AB08}.Release|Any CPU.Build.0 = Release|Any CPU
		{38576AEA-67FD-67BC-2D09-DDB75B43342F}.Debug|Any CPU.ActiveCfg = Debug|Any CPU
		{38576AEA-67FD-67BC-2D09-DDB75B43342F}.Debug|Any CPU.Build.0 = Debug|Any CPU
		{38576AEA-67FD-67BC-2D09-DDB75B43342F}.Release|Any CPU.ActiveCfg = Release|Any CPU
		{38576AEA-67FD-67BC-2D09-DDB75B43342F}.Release|Any CPU.Build.0 = Release|Any CPU
	EndGlobalSection
	GlobalSection(SolutionProperties) = preSolution
		HideSolutionNode = FALSE
	EndGlobalSection
	GlobalSection(MonoDevelopProperties) = preSolution
		StartupItem = Assembly-CSharp.csproj
	EndGlobalSection
EndGlobal
